// !$*UTF8*$!
{
	archiveVersion = 1;
	classes = {
	};
	objectVersion = 50;
	objects = {

/* Begin PBXBuildFile section */
		0A0600B6267CE5EF0057DEDF /* CircleImage.swift in Sources */ = {isa = PBXBuildFile; fileRef = 0A0600B5267CE5EF0057DEDF /* CircleImage.swift */; };
		0A0600B8267CE6C40057DEDF /* MapView.swift in Sources */ = {isa = PBXBuildFile; fileRef = 0A0600B7267CE6C40057DEDF /* MapView.swift */; };
		0A1DB97826899FFA008F5B7E /* CounterV2.swift in Sources */ = {isa = PBXBuildFile; fileRef = 0A1DB97726899FFA008F5B7E /* CounterV2.swift */; };
		0A1DB97A2689A0F1008F5B7E /* CountTitle.swift in Sources */ = {isa = PBXBuildFile; fileRef = 0A1DB9792689A0F1008F5B7E /* CountTitle.swift */; };
		0A324DF6267A24980015109C /* SwiftTutorialApp.swift in Sources */ = {isa = PBXBuildFile; fileRef = 0A324DF5267A24980015109C /* SwiftTutorialApp.swift */; };
		0A324DF8267A24980015109C /* ContentView.swift in Sources */ = {isa = PBXBuildFile; fileRef = 0A324DF7267A24980015109C /* ContentView.swift */; };
		0A324DFA267A24980015109C /* Assets.xcassets in Resources */ = {isa = PBXBuildFile; fileRef = 0A324DF9267A24980015109C /* Assets.xcassets */; };
		0A324DFD267A24980015109C /* Preview Assets.xcassets in Resources */ = {isa = PBXBuildFile; fileRef = 0A324DFC267A24980015109C /* Preview Assets.xcassets */; };
		0A53129D2684290400791326 /* landmarkData.json in Resources */ = {isa = PBXBuildFile; fileRef = 0A53129C2684290400791326 /* landmarkData.json */; };
		0A53129F2684292500791326 /* Landmark.swift in Sources */ = {isa = PBXBuildFile; fileRef = 0A53129E2684292500791326 /* Landmark.swift */; };
		0A5312A2268430E700791326 /* ModelData.swift in Sources */ = {isa = PBXBuildFile; fileRef = 0A5312A1268430E700791326 /* ModelData.swift */; };
		0A5312A52684590900791326 /* LandmarkRow.swift in Sources */ = {isa = PBXBuildFile; fileRef = 0A5312A42684590900791326 /* LandmarkRow.swift */; };
		0A5312A726845AF700791326 /* LandmarkList.swift in Sources */ = {isa = PBXBuildFile; fileRef = 0A5312A626845AF700791326 /* LandmarkList.swift */; };
		0A5312A926845C5E00791326 /* LandmarkDetail.swift in Sources */ = {isa = PBXBuildFile; fileRef = 0A5312A826845C5E00791326 /* LandmarkDetail.swift */; };
		0A5312AB2684C0BC00791326 /* FavoriteButton.swift in Sources */ = {isa = PBXBuildFile; fileRef = 0A5312AA2684C0BC00791326 /* FavoriteButton.swift */; };
		0A5312B32686C3C900791326 /* HexagonParameters.swift in Sources */ = {isa = PBXBuildFile; fileRef = 0A5312B22686C3C900791326 /* HexagonParameters.swift */; };
		0A5312B52686C40600791326 /* BadgeBackground.swift in Sources */ = {isa = PBXBuildFile; fileRef = 0A5312B42686C40600791326 /* BadgeBackground.swift */; };
		0A5312B82688AD1E00791326 /* Counter.swift in Sources */ = {isa = PBXBuildFile; fileRef = 0A5312B72688AD1E00791326 /* Counter.swift */; };
		0A5312BA268973AB00791326 /* CounterAction.swift in Sources */ = {isa = PBXBuildFile; fileRef = 0A5312B9268973AB00791326 /* CounterAction.swift */; };
		0A5312BC2689750600791326 /* Count.swift in Sources */ = {isa = PBXBuildFile; fileRef = 0A5312BB2689750600791326 /* Count.swift */; };
/* End PBXBuildFile section */

/* Begin PBXFileReference section */
		0A0600B5267CE5EF0057DEDF /* CircleImage.swift */ = {isa = PBXFileReference; lastKnownFileType = sourcecode.swift; path = CircleImage.swift; sourceTree = "<group>"; };
		0A0600B7267CE6C40057DEDF /* MapView.swift */ = {isa = PBXFileReference; lastKnownFileType = sourcecode.swift; path = MapView.swift; sourceTree = "<group>"; };
		0A1DB97726899FFA008F5B7E /* CounterV2.swift */ = {isa = PBXFileReference; lastKnownFileType = sourcecode.swift; path = CounterV2.swift; sourceTree = "<group>"; };
		0A1DB9792689A0F1008F5B7E /* CountTitle.swift */ = {isa = PBXFileReference; lastKnownFileType = sourcecode.swift; path = CountTitle.swift; sourceTree = "<group>"; };
		0A324DF2267A24970015109C /* SwiftTutorial.app */ = {isa = PBXFileReference; explicitFileType = wrapper.application; includeInIndex = 0; path = SwiftTutorial.app; sourceTree = BUILT_PRODUCTS_DIR; };
		0A324DF5267A24980015109C /* SwiftTutorialApp.swift */ = {isa = PBXFileReference; lastKnownFileType = sourcecode.swift; path = SwiftTutorialApp.swift; sourceTree = "<group>"; };
		0A324DF7267A24980015109C /* ContentView.swift */ = {isa = PBXFileReference; lastKnownFileType = sourcecode.swift; path = ContentView.swift; sourceTree = "<group>"; };
		0A324DF9267A24980015109C /* Assets.xcassets */ = {isa = PBXFileReference; lastKnownFileType = folder.assetcatalog; path = Assets.xcassets; sourceTree = "<group>"; };
		0A324DFC267A24980015109C /* Preview Assets.xcassets */ = {isa = PBXFileReference; lastKnownFileType = folder.assetcatalog; path = "Preview Assets.xcassets"; sourceTree = "<group>"; };
		0A324DFE267A24980015109C /* Info.plist */ = {isa = PBXFileReference; lastKnownFileType = text.plist.xml; path = Info.plist; sourceTree = "<group>"; };
		0A53129C2684290400791326 /* landmarkData.json */ = {isa = PBXFileReference; fileEncoding = 4; lastKnownFileType = text.json; path = landmarkData.json; sourceTree = "<group>"; };
		0A53129E2684292500791326 /* Landmark.swift */ = {isa = PBXFileReference; lastKnownFileType = sourcecode.swift; path = Landmark.swift; sourceTree = "<group>"; };
		0A5312A1268430E700791326 /* ModelData.swift */ = {isa = PBXFileReference; lastKnownFileType = sourcecode.swift; path = ModelData.swift; sourceTree = "<group>"; };
		0A5312A42684590900791326 /* LandmarkRow.swift */ = {isa = PBXFileReference; lastKnownFileType = sourcecode.swift; path = LandmarkRow.swift; sourceTree = "<group>"; };
		0A5312A626845AF700791326 /* LandmarkList.swift */ = {isa = PBXFileReference; lastKnownFileType = sourcecode.swift; path = LandmarkList.swift; sourceTree = "<group>"; };
		0A5312A826845C5E00791326 /* LandmarkDetail.swift */ = {isa = PBXFileReference; lastKnownFileType = sourcecode.swift; path = LandmarkDetail.swift; sourceTree = "<group>"; };
		0A5312AA2684C0BC00791326 /* FavoriteButton.swift */ = {isa = PBXFileReference; lastKnownFileType = sourcecode.swift; path = FavoriteButton.swift; sourceTree = "<group>"; };
		0A5312B22686C3C900791326 /* HexagonParameters.swift */ = {isa = PBXFileReference; lastKnownFileType = sourcecode.swift; path = HexagonParameters.swift; sourceTree = "<group>"; };
		0A5312B42686C40600791326 /* BadgeBackground.swift */ = {isa = PBXFileReference; lastKnownFileType = sourcecode.swift; path = BadgeBackground.swift; sourceTree = "<group>"; };
		0A5312B72688AD1E00791326 /* Counter.swift */ = {isa = PBXFileReference; lastKnownFileType = sourcecode.swift; path = Counter.swift; sourceTree = "<group>"; };
		0A5312B9268973AB00791326 /* CounterAction.swift */ = {isa = PBXFileReference; lastKnownFileType = sourcecode.swift; path = CounterAction.swift; sourceTree = "<group>"; };
		0A5312BB2689750600791326 /* Count.swift */ = {isa = PBXFileReference; lastKnownFileType = sourcecode.swift; path = Count.swift; sourceTree = "<group>"; };
/* End PBXFileReference section */

/* Begin PBXFrameworksBuildPhase section */
		0A324DEF267A24970015109C /* Frameworks */ = {
			isa = PBXFrameworksBuildPhase;
			buildActionMask = 2147483647;
			files = (
			);
			runOnlyForDeploymentPostprocessing = 0;
		};
/* End PBXFrameworksBuildPhase section */

/* Begin PBXGroup section */
		0A0600B9267CE99B0057DEDF /* Views */ = {
			isa = PBXGroup;
			children = (
				0A5312AD2684C14B00791326 /* Helpers */,
				0A5312AC2684C13400791326 /* Landmarks */,
				0A324DF7267A24980015109C /* ContentView.swift */,
				0A5312B22686C3C900791326 /* HexagonParameters.swift */,
				0A5312B42686C40600791326 /* BadgeBackground.swift */,
			);
			path = Views;
			sourceTree = "<group>";
		};
		0A324DE9267A24970015109C = {
			isa = PBXGroup;
			children = (
				0A324DF4267A24970015109C /* SwiftTutorial */,
				0A324DF3267A24970015109C /* Products */,
			);
			sourceTree = "<group>";
		};
		0A324DF3267A24970015109C /* Products */ = {
			isa = PBXGroup;
			children = (
				0A324DF2267A24970015109C /* SwiftTutorial.app */,
			);
			name = Products;
			sourceTree = "<group>";
		};
		0A324DF4267A24970015109C /* SwiftTutorial */ = {
			isa = PBXGroup;
			children = (
				0A5312B62688AD0C00791326 /* counter_app */,
				0A5312A32684321800791326 /* Resources */,
				0A5312A0268430D600791326 /* Model */,
				0A0600B9267CE99B0057DEDF /* Views */,
				0A324DF5267A24980015109C /* SwiftTutorialApp.swift */,
				0A324DF9267A24980015109C /* Assets.xcassets */,
				0A324DFE267A24980015109C /* Info.plist */,
				0A324DFB267A24980015109C /* Preview Content */,
			);
			path = SwiftTutorial;
			sourceTree = "<group>";
		};
		0A324DFB267A24980015109C /* Preview Content */ = {
			isa = PBXGroup;
			children = (
				0A324DFC267A24980015109C /* Preview Assets.xcassets */,
			);
			path = "Preview Content";
			sourceTree = "<group>";
		};
		0A5312A0268430D600791326 /* Model */ = {
			isa = PBXGroup;
			children = (
				0A53129E2684292500791326 /* Landmark.swift */,
				0A5312A1268430E700791326 /* ModelData.swift */,
			);
			path = Model;
			sourceTree = "<group>";
		};
		0A5312A32684321800791326 /* Resources */ = {
			isa = PBXGroup;
			children = (
				0A53129C2684290400791326 /* landmarkData.json */,
			);
			path = Resources;
			sourceTree = "<group>";
		};
		0A5312AC2684C13400791326 /* Landmarks */ = {
			isa = PBXGroup;
			children = (
				0A5312A42684590900791326 /* LandmarkRow.swift */,
				0A5312A626845AF700791326 /* LandmarkList.swift */,
				0A5312A826845C5E00791326 /* LandmarkDetail.swift */,
			);
			path = Landmarks;
			sourceTree = "<group>";
		};
		0A5312AD2684C14B00791326 /* Helpers */ = {
			isa = PBXGroup;
			children = (
				0A0600B7267CE6C40057DEDF /* MapView.swift */,
				0A0600B5267CE5EF0057DEDF /* CircleImage.swift */,
				0A5312AA2684C0BC00791326 /* FavoriteButton.swift */,
			);
			path = Helpers;
			sourceTree = "<group>";
		};
		0A5312B62688AD0C00791326 /* counter_app */ = {
			isa = PBXGroup;
			children = (
				0A5312B72688AD1E00791326 /* Counter.swift */,
				0A5312B9268973AB00791326 /* CounterAction.swift */,
				0A5312BB2689750600791326 /* Count.swift */,
				0A1DB97726899FFA008F5B7E /* CounterV2.swift */,
				0A1DB9792689A0F1008F5B7E /* CountTitle.swift */,
			);
			path = counter_app;
			sourceTree = "<group>";
		};
/* End PBXGroup section */

/* Begin PBXNativeTarget section */
		0A324DF1267A24970015109C /* SwiftTutorial */ = {
			isa = PBXNativeTarget;
			buildConfigurationList = 0A324E01267A24980015109C /* Build configuration list for PBXNativeTarget "SwiftTutorial" */;
			buildPhases = (
				0A324DEE267A24970015109C /* Sources */,
				0A324DEF267A24970015109C /* Frameworks */,
				0A324DF0267A24970015109C /* Resources */,
			);
			buildRules = (
			);
			dependencies = (
			);
			name = SwiftTutorial;
			productName = Test;
			productReference = 0A324DF2267A24970015109C /* SwiftTutorial.app */;
			productType = "com.apple.product-type.application";
		};
/* End PBXNativeTarget section */

/* Begin PBXProject section */
		0A324DEA267A24970015109C /* Project object */ = {
			isa = PBXProject;
			attributes = {
				LastSwiftUpdateCheck = 1240;
				LastUpgradeCheck = 1240;
				TargetAttributes = {
					0A324DF1267A24970015109C = {
						CreatedOnToolsVersion = 12.4;
					};
				};
			};
			buildConfigurationList = 0A324DED267A24970015109C /* Build configuration list for PBXProject "SwiftTutorial" */;
			compatibilityVersion = "Xcode 9.3";
			developmentRegion = en;
			hasScannedForEncodings = 0;
			knownRegions = (
				en,
				Base,
			);
			mainGroup = 0A324DE9267A24970015109C;
			productRefGroup = 0A324DF3267A24970015109C /* Products */;
			projectDirPath = "";
			projectRoot = "";
			targets = (
				0A324DF1267A24970015109C /* SwiftTutorial */,
			);
		};
/* End PBXProject section */

/* Begin PBXResourcesBuildPhase section */
		0A324DF0267A24970015109C /* Resources */ = {
			isa = PBXResourcesBuildPhase;
			buildActionMask = 2147483647;
			files = (
				0A324DFD267A24980015109C /* Preview Assets.xcassets in Resources */,
				0A324DFA267A24980015109C /* Assets.xcassets in Resources */,
				0A53129D2684290400791326 /* landmarkData.json in Resources */,
			);
			runOnlyForDeploymentPostprocessing = 0;
		};
/* End PBXResourcesBuildPhase section */

/* Begin PBXSourcesBuildPhase section */
		0A324DEE267A24970015109C /* Sources */ = {
			isa = PBXSourcesBuildPhase;
			buildActionMask = 2147483647;
			files = (
				0A324DF8267A24980015109C /* ContentView.swift in Sources */,
				0A0600B8267CE6C40057DEDF /* MapView.swift in Sources */,
				0A1DB97826899FFA008F5B7E /* CounterV2.swift in Sources */,
				0A5312B82688AD1E00791326 /* Counter.swift in Sources */,
				0A324DF6267A24980015109C /* SwiftTutorialApp.swift in Sources */,
				0A5312AB2684C0BC00791326 /* FavoriteButton.swift in Sources */,
				0A5312B32686C3C900791326 /* HexagonParameters.swift in Sources */,
				0A5312A726845AF700791326 /* LandmarkList.swift in Sources */,
				0A5312A926845C5E00791326 /* LandmarkDetail.swift in Sources */,
				0A5312B52686C40600791326 /* BadgeBackground.swift in Sources */,
				0A5312BA268973AB00791326 /* CounterAction.swift in Sources */,
				0A0600B6267CE5EF0057DEDF /* CircleImage.swift in Sources */,
				0A1DB97A2689A0F1008F5B7E /* CountTitle.swift in Sources */,
				0A5312BC2689750600791326 /* Count.swift in Sources */,
				0A53129F2684292500791326 /* Landmark.swift in Sources */,
				0A5312A52684590900791326 /* LandmarkRow.swift in Sources */,
				0A5312A2268430E700791326 /* ModelData.swift in Sources */,
			);
			runOnlyForDeploymentPostprocessing = 0;
		};
/* End PBXSourcesBuildPhase section */

/* Begin XCBuildConfiguration section */
		0A324DFF267A24980015109C /* Debug */ = {
			isa = XCBuildConfiguration;
			buildSettings = {
				CLANG_ANALYZER_NONNULL = YES;
				CLANG_ANALYZER_NUMBER_OBJECT_CONVERSION = YES_AGGRESSIVE;
				CLANG_CXX_LANGUAGE_STANDARD = "gnu++14";
				CLANG_CXX_LIBRARY = "libc++";
				CLANG_ENABLE_MODULES = YES;
				CLANG_ENABLE_OBJC_ARC = YES;
				CLANG_ENABLE_OBJC_WEAK = YES;
				CLANG_WARN_BLOCK_CAPTURE_AUTORELEASING = YES;
				CLANG_WARN_BOOL_CONVERSION = YES;
				CLANG_WARN_COMMA = YES;
				CLANG_WARN_CONSTANT_CONVERSION = YES;
				CLANG_WARN_DEPRECATED_OBJC_IMPLEMENTATIONS = YES;
				CLANG_WARN_DIRECT_OBJC_ISA_USAGE = YES_ERROR;
				CLANG_WARN_DOCUMENTATION_COMMENTS = YES;
				CLANG_WARN_EMPTY_BODY = YES;
				CLANG_WARN_ENUM_CONVERSION = YES;
				CLANG_WARN_INFINITE_RECURSION = YES;
				CLANG_WARN_INT_CONVERSION = YES;
				CLANG_WARN_NON_LITERAL_NULL_CONVERSION = YES;
				CLANG_WARN_OBJC_IMPLICIT_RETAIN_SELF = YES;
				CLANG_WARN_OBJC_LITERAL_CONVERSION = YES;
				CLANG_WARN_OBJC_ROOT_CLASS = YES_ERROR;
				CLANG_WARN_QUOTED_INCLUDE_IN_FRAMEWORK_HEADER = YES;
				CLANG_WARN_RANGE_LOOP_ANALYSIS = YES;
				CLANG_WARN_STRICT_PROTOTYPES = YES;
				CLANG_WARN_SUSPICIOUS_MOVE = YES;
				CLANG_WARN_UNGUARDED_AVAILABILITY = YES_AGGRESSIVE;
				CLANG_WARN_UNREACHABLE_CODE = YES;
				CLANG_WARN__DUPLICATE_METHOD_MATCH = YES;
				COPY_PHASE_STRIP = NO;
				DEBUG_INFORMATION_FORMAT = dwarf;
				ENABLE_STRICT_OBJC_MSGSEND = YES;
				ENABLE_TESTABILITY = YES;
				GCC_C_LANGUAGE_STANDARD = gnu11;
				GCC_DYNAMIC_NO_PIC = NO;
				GCC_NO_COMMON_BLOCKS = YES;
				GCC_OPTIMIZATION_LEVEL = 0;
				GCC_PREPROCESSOR_DEFINITIONS = (
					"DEBUG=1",
					"$(inherited)",
				);
				GCC_WARN_64_TO_32_BIT_CONVERSION = YES;
				GCC_WARN_ABOUT_RETURN_TYPE = YES_ERROR;
				GCC_WARN_UNDECLARED_SELECTOR = YES;
				GCC_WARN_UNINITIALIZED_AUTOS = YES_AGGRESSIVE;
				GCC_WARN_UNUSED_FUNCTION = YES;
				GCC_WARN_UNUSED_VARIABLE = YES;
				IPHONEOS_DEPLOYMENT_TARGET = 14.4;
				MTL_ENABLE_DEBUG_INFO = INCLUDE_SOURCE;
				MTL_FAST_MATH = YES;
				ONLY_ACTIVE_ARCH = YES;
				SDKROOT = iphoneos;
				SWIFT_ACTIVE_COMPILATION_CONDITIONS = DEBUG;
				SWIFT_OPTIMIZATION_LEVEL = "-Onone";
			};
			name = Debug;
		};
		0A324E00267A24980015109C /* Release */ = {
			isa = XCBuildConfiguration;
			buildSettings = {
				CLANG_ANALYZER_NONNULL = YES;
				CLANG_ANALYZER_NUMBER_OBJECT_CONVERSION = YES_AGGRESSIVE;
				CLANG_CXX_LANGUAGE_STANDARD = "gnu++14";
				CLANG_CXX_LIBRARY = "libc++";
				CLANG_ENABLE_MODULES = YES;
				CLANG_ENABLE_OBJC_ARC = YES;
				CLANG_ENABLE_OBJC_WEAK = YES;
				CLANG_WARN_BLOCK_CAPTURE_AUTORELEASING = YES;
				CLANG_WARN_BOOL_CONVERSION = YES;
				CLANG_WARN_COMMA = YES;
				CLANG_WARN_CONSTANT_CONVERSION = YES;
				CLANG_WARN_DEPRECATED_OBJC_IMPLEMENTATIONS = YES;
				CLANG_WARN_DIRECT_OBJC_ISA_USAGE = YES_ERROR;
				CLANG_WARN_DOCUMENTATION_COMMENTS = YES;
				CLANG_WARN_EMPTY_BODY = YES;
				CLANG_WARN_ENUM_CONVERSION = YES;
				CLANG_WARN_INFINITE_RECURSION = YES;
				CLANG_WARN_INT_CONVERSION = YES;
				CLANG_WARN_NON_LITERAL_NULL_CONVERSION = YES;
				CLANG_WARN_OBJC_IMPLICIT_RETAIN_SELF = YES;
				CLANG_WARN_OBJC_LITERAL_CONVERSION = YES;
				CLANG_WARN_OBJC_ROOT_CLASS = YES_ERROR;
				CLANG_WARN_QUOTED_INCLUDE_IN_FRAMEWORK_HEADER = YES;
				CLANG_WARN_RANGE_LOOP_ANALYSIS = YES;
				CLANG_WARN_STRICT_PROTOTYPES = YES;
				CLANG_WARN_SUSPICIOUS_MOVE = YES;
				CLANG_WARN_UNGUARDED_AVAILABILITY = YES_AGGRESSIVE;
				CLANG_WARN_UNREACHABLE_CODE = YES;
				CLANG_WARN__DUPLICATE_METHOD_MATCH = YES;
				COPY_PHASE_STRIP = NO;
				DEBUG_INFORMATION_FORMAT = "dwarf-with-dsym";
				ENABLE_NS_ASSERTIONS = NO;
				ENABLE_STRICT_OBJC_MSGSEND = YES;
				GCC_C_LANGUAGE_STANDARD = gnu11;
				GCC_NO_COMMON_BLOCKS = YES;
				GCC_WARN_64_TO_32_BIT_CONVERSION = YES;
				GCC_WARN_ABOUT_RETURN_TYPE = YES_ERROR;
				GCC_WARN_UNDECLARED_SELECTOR = YES;
				GCC_WARN_UNINITIALIZED_AUTOS = YES_AGGRESSIVE;
				GCC_WARN_UNUSED_FUNCTION = YES;
				GCC_WARN_UNUSED_VARIABLE = YES;
				IPHONEOS_DEPLOYMENT_TARGET = 14.4;
				MTL_ENABLE_DEBUG_INFO = NO;
				MTL_FAST_MATH = YES;
				SDKROOT = iphoneos;
				SWIFT_COMPILATION_MODE = wholemodule;
				SWIFT_OPTIMIZATION_LEVEL = "-O";
				VALIDATE_PRODUCT = YES;
			};
			name = Release;
		};
		0A324E02267A24980015109C /* Debug */ = {
			isa = XCBuildConfiguration;
			buildSettings = {
				ASSETCATALOG_COMPILER_APPICON_NAME = AppIcon;
				ASSETCATALOG_COMPILER_GLOBAL_ACCENT_COLOR_NAME = AccentColor;
				CODE_SIGN_IDENTITY = "Apple Development";
				CODE_SIGN_STYLE = Automatic;
				CURRENT_PROJECT_VERSION = 1;
				DEVELOPMENT_ASSET_PATHS = "";
				DEVELOPMENT_TEAM = RV66232K92;
				ENABLE_PREVIEWS = YES;
				INFOPLIST_FILE = SwiftTutorial/Info.plist;
				IPHONEOS_DEPLOYMENT_TARGET = 14.0;
				LD_RUNPATH_SEARCH_PATHS = (
					"$(inherited)",
					"@executable_path/Frameworks",
				);
				MARKETING_VERSION = 1;
				PRODUCT_BUNDLE_IDENTIFIER = site.jiyang.swifttutorial;
				PRODUCT_NAME = "$(TARGET_NAME)";
				PROVISIONING_PROFILE_SPECIFIER = "";
				SWIFT_VERSION = 5.0;
				TARGETED_DEVICE_FAMILY = "1,2";
			};
			name = Debug;
		};
		0A324E03267A24980015109C /* Release */ = {
			isa = XCBuildConfiguration;
			buildSettings = {
				ASSETCATALOG_COMPILER_APPICON_NAME = AppIcon;
				ASSETCATALOG_COMPILER_GLOBAL_ACCENT_COLOR_NAME = AccentColor;
				CODE_SIGN_IDENTITY = "Apple Development";
				CODE_SIGN_STYLE = Automatic;
				CURRENT_PROJECT_VERSION = 1;
				DEVELOPMENT_ASSET_PATHS = "";
				DEVELOPMENT_TEAM = RV66232K92;
				ENABLE_PREVIEWS = YES;
				INFOPLIST_FILE = SwiftTutorial/Info.plist;
				IPHONEOS_DEPLOYMENT_TARGET = 14.0;
				LD_RUNPATH_SEARCH_PATHS = (
					"$(inherited)",
					"@executable_path/Frameworks",
				);
				MARKETING_VERSION = 1;
				PRODUCT_BUNDLE_IDENTIFIER = site.jiyang.swifttutorial;
				PRODUCT_NAME = "$(TARGET_NAME)";
				PROVISIONING_PROFILE_SPECIFIER = "";
				SWIFT_VERSION = 5.0;
				TARGETED_DEVICE_FAMILY = "1,2";
			};
			name = Release;
		};
/* End XCBuildConfiguration section */

/* Begin XCConfigurationList section */
		0A324DED267A24970015109C /* Build configuration list for PBXProject "SwiftTutorial" */ = {
			isa = XCConfigurationList;
			buildConfigurations = (
				0A324DFF267A24980015109C /* Debug */,
				0A324E00267A24980015109C /* Release */,
			);
			defaultConfigurationIsVisible = 0;
			defaultConfigurationName = Release;
		};
		0A324E01267A24980015109C /* Build configuration list for PBXNativeTarget "SwiftTutorial" */ = {
			isa = XCConfigurationList;
			buildConfigurations = (
				0A324E02267A24980015109C /* Debug */,
				0A324E03267A24980015109C /* Release */,
			);
			defaultConfigurationIsVisible = 0;
			defaultConfigurationName = Release;
		};
/* End XCConfigurationList section */
	};
	rootObject = 0A324DEA267A24970015109C /* Project object */;
}
